# Generated by conda-lock.
# platform: linux-64
# input_hash: a003c53a858f15b6a51f37d6b0812f99908d7457a22699736539ba1938f3a509
@EXPLICIT
https://conda.anaconda.org/conda-forge/linux-64/_libgcc_mutex-0.1-conda_forge.tar.bz2#d7c89558ba9fa0495403155b64376d81
https://conda.anaconda.org/conda-forge/linux-64/ca-certificates-2024.7.4-hbcca054_0.conda#23ab7665c5f63cfb9f1f6195256daac6
https://conda.anaconda.org/conda-forge/linux-64/ld_impl_linux-64-2.40-hf3520f5_7.conda#b80f2f396ca2c28b8c14c437a4ed1e74
https://conda.anaconda.org/conda-forge/noarch/pybind11-abi-4-hd8ed1ab_3.tar.bz2#878f923dd6acc8aeb47a75da6c4098be
https://conda.anaconda.org/conda-forge/linux-64/python_abi-3.11-5_cp311.conda#139a8d40c8a2f430df31048949e450de
https://conda.anaconda.org/conda-forge/noarch/tzdata-2024a-h0c530f3_0.conda#161081fc7cec0bfda0d86d7cb595f8d8
https://conda.anaconda.org/conda-forge/linux-64/libgomp-14.1.0-h77fa898_0.conda#ae061a5ed5f05818acdf9adab72c146d
https://conda.anaconda.org/conda-forge/linux-64/_openmp_mutex-4.5-2_gnu.tar.bz2#73aaf86a425cc6e73fcf236a5a46396d
https://conda.anaconda.org/conda-forge/linux-64/libgcc-ng-14.1.0-h77fa898_0.conda#ca0fad6a41ddaef54a153b78eccb5037
https://conda.anaconda.org/conda-forge/linux-64/bzip2-1.0.8-h4bc722e_7.conda#62ee74e96c5ebb0af99386de58cf9553
https://conda.anaconda.org/conda-forge/linux-64/c-ares-1.33.1-heb4867d_0.conda#0d3c60291342c0c025db231353376dfb
https://conda.anaconda.org/conda-forge/linux-64/keyutils-1.6.1-h166bdaf_0.tar.bz2#30186d27e2c9fa62b45fb1476b7200e3
https://conda.anaconda.org/conda-forge/linux-64/libev-4.33-hd590300_2.conda#172bf1cd1ff8629f2b1179945ed45055
https://conda.anaconda.org/conda-forge/linux-64/libexpat-2.6.2-h59595ed_0.conda#e7ba12deb7020dd080c6c70e7b6f6a3d
https://conda.anaconda.org/conda-forge/linux-64/libffi-3.4.2-h7f98852_5.tar.bz2#d645c6d2ac96843a2bfaccd2d62b3ac3
https://conda.anaconda.org/conda-forge/linux-64/libgfortran5-14.1.0-hc5f4f2c_0.conda#6456c2620c990cd8dde2428a27ba0bc5
https://conda.anaconda.org/conda-forge/linux-64/libiconv-1.17-hd590300_2.conda#d66573916ffcf376178462f1b61c941e
https://conda.anaconda.org/conda-forge/linux-64/libnsl-2.0.1-hd590300_0.conda#30fd6e37fe21f86f4bd26d6ee73eeec7
https://conda.anaconda.org/conda-forge/linux-64/libsodium-1.0.18-h36c2ea0_1.tar.bz2#c3788462a6fbddafdb413a9f9053e58d
https://conda.anaconda.org/conda-forge/linux-64/libstdcxx-ng-14.1.0-hc0a3c3a_0.conda#1cb187a157136398ddbaae90713e2498
https://conda.anaconda.org/conda-forge/linux-64/libuuid-2.38.1-h0b41bf4_0.conda#40b61aab5c7ba9ff276c41cfffe6b80b
https://conda.anaconda.org/conda-forge/linux-64/libxcrypt-4.4.36-hd590300_1.conda#5aa797f8787fe7a17d1b0821485b5adc
https://conda.anaconda.org/conda-forge/linux-64/libzlib-1.3.1-h4ab18f5_1.conda#57d7dc60e9325e3de37ff8dffd18e814
https://conda.anaconda.org/conda-forge/linux-64/lzo-2.10-hd590300_1001.conda#ec7398d21e2651e0dcb0044d03b9a339
https://conda.anaconda.org/conda-forge/linux-64/ncurses-6.5-he02047a_1.conda#70caf8bb6cf39a0b6b7efc885f51c0fe
https://conda.anaconda.org/conda-forge/linux-64/openssl-3.3.1-hb9d3cd8_3.conda#6c566a46baae794daf34775d41eb180a
https://conda.anaconda.org/conda-forge/linux-64/reproc-14.2.4.post0-hd590300_1.conda#82ca53502dfd5a64a80dee76dae14685
https://conda.anaconda.org/conda-forge/linux-64/selenium-manager-4.16.0-he8a937b_0.conda#64456173e19a30f40f18d0d58e895602
https://conda.anaconda.org/conda-forge/linux-64/xz-5.2.6-h166bdaf_0.tar.bz2#2161070d867d1b1204ea749c8eec4ef0
https://conda.anaconda.org/conda-forge/linux-64/yaml-0.2.5-h7f98852_2.tar.bz2#4cb3ad778ec2d5a7acbdf254eb1c42ae
https://conda.anaconda.org/conda-forge/linux-64/expat-2.6.2-h59595ed_0.conda#53fb86322bdb89496d7579fe3f02fd61
https://conda.anaconda.org/conda-forge/linux-64/fmt-10.2.1-h00ab1b0_0.conda#35ef8bc24bd34074ebae3c943d551728
https://conda.anaconda.org/conda-forge/linux-64/icu-75.1-he02047a_0.conda#8b189310083baabfb622af68fd9d3ae3
https://conda.anaconda.org/conda-forge/linux-64/libedit-3.1.20191231-he28a2e2_2.tar.bz2#4d331e44109e3f0e19b4cb8f9b82f3e1
https://conda.anaconda.org/conda-forge/linux-64/libgfortran-ng-14.1.0-h69a702a_0.conda#f4ca84fbd6d06b0a052fb2d5b96dde41
https://conda.anaconda.org/conda-forge/linux-64/libnghttp2-1.58.0-h47da74e_1.conda#700ac6ea6d53d5510591c4344d5c989a
https://conda.anaconda.org/conda-forge/linux-64/libsolv-0.7.30-h3509ff9_0.conda#02539b77d25aa4f65b20246549e256c3
https://conda.anaconda.org/conda-forge/linux-64/libsqlite-3.46.0-hde9e2c9_0.conda#18aa975d2094c34aef978060ae7da7d8
https://conda.anaconda.org/conda-forge/linux-64/libssh2-1.11.0-h0841786_0.conda#1f5a58e686b13bcfde88b93f547d23fe
https://conda.anaconda.org/conda-forge/linux-64/lz4-c-1.9.4-hcb278e6_0.conda#318b08df404f9c9be5712aaa5a6f0bb0
https://conda.anaconda.org/conda-forge/linux-64/pcre2-10.44-hba22ea6_2.conda#df359c09c41cd186fffb93a2d87aa6f5
https://conda.anaconda.org/conda-forge/linux-64/readline-8.2-h8228510_1.conda#47d31b792659ce70f470b5c82fdfb7a4
https://conda.anaconda.org/conda-forge/linux-64/reproc-cpp-14.2.4.post0-h59595ed_1.conda#715e1d720ec1a03715bebd237972fca5
https://conda.anaconda.org/conda-forge/linux-64/tk-8.6.13-noxft_h4845f30_101.conda#d453b98d9c83e71da0741bb0ff4d76bc
https://conda.anaconda.org/conda-forge/linux-64/yaml-cpp-0.8.0-h59595ed_0.conda#965eaacd7c18eb8361fd12bb9e7a57d7
https://conda.anaconda.org/conda-forge/linux-64/zstd-1.5.6-ha6fb4c9_0.conda#4d056880988120e29d75bfff282e0f45
https://conda.anaconda.org/conda-forge/linux-64/krb5-1.21.3-h659f571_0.conda#3f43953b7d3fb3aaa1d0d0723d91e368
https://conda.anaconda.org/conda-forge/linux-64/libglib-2.80.3-h315aac3_2.conda#b0143a3e98136a680b728fdf9b42a258
https://conda.anaconda.org/conda-forge/linux-64/libopenblas-0.3.27-pthreads_hac2b453_1.conda#ae05ece66d3924ac3d48b4aa3fa96cec
https://conda.anaconda.org/conda-forge/linux-64/libxml2-2.12.7-he7c6b58_4.conda#08a9265c637230c37cb1be4a6cad4536
https://conda.anaconda.org/conda-forge/linux-64/python-3.11.9-hb806964_0_cpython.conda#ac68acfa8b558ed406c75e98d3428d7b
https://conda.anaconda.org/conda-forge/noarch/appdirs-1.4.4-pyh9f0ad1d_0.tar.bz2#5f095bc6454094e96f146491fd03633b
https://conda.anaconda.org/conda-forge/noarch/archspec-0.2.3-pyhd8ed1ab_0.conda#192278292e20704f663b9c766909d67b
https://conda.anaconda.org/conda-forge/noarch/attrs-24.2.0-pyh71513ae_0.conda#6732fa52eb8e66e5afeb32db8701a791
https://conda.anaconda.org/conda-forge/noarch/boltons-24.0.0-pyhd8ed1ab_0.conda#61de176bd62041f9cd5bd4fcd09eb0ff
https://conda.anaconda.org/conda-forge/linux-64/brotli-python-1.1.0-py311hb755f60_1.conda#cce9e7c3f1c307f2a5fb08a2922d6164
https://conda.anaconda.org/conda-forge/noarch/cachy-0.3.0-pyhd8ed1ab_1.tar.bz2#5dfee17f24e2dfd18d7392b48c9351e2
https://conda.anaconda.org/conda-forge/noarch/certifi-2024.7.4-pyhd8ed1ab_0.conda#24e7fd6ca65997938fff9e5ab6f653e4
https://conda.anaconda.org/conda-forge/noarch/charset-normalizer-3.3.2-pyhd8ed1ab_0.conda#7f4a9e3fcff3f6356ae99244a014da6a
https://conda.anaconda.org/conda-forge/noarch/click-8.1.7-unix_pyh707e725_0.conda#f3ad426304898027fc619827ff428eca
https://conda.anaconda.org/conda-forge/noarch/colorama-0.4.6-pyhd8ed1ab_0.tar.bz2#3faab06a954c2a04039983f2c4a50d99
https://conda.anaconda.org/conda-forge/noarch/crashtest-0.4.1-pyhd8ed1ab_0.tar.bz2#709a2295dd907bb34afb57d54320642f
https://conda.anaconda.org/conda-forge/linux-64/dbus-1.13.6-h5008d03_3.tar.bz2#ecfff944ba3960ecb334b9a2663d708d
https://conda.anaconda.org/conda-forge/linux-64/debugpy-1.8.5-py311hf86e51f_0.conda#748a22f229ec0e62963b8045b8e6786c
https://conda.anaconda.org/conda-forge/noarch/decorator-5.1.1-pyhd8ed1ab_0.tar.bz2#43afe5ab04e35e17ba28649471dd7364
https://conda.anaconda.org/conda-forge/noarch/distlib-0.3.8-pyhd8ed1ab_0.conda#db16c66b759a64dc5183d69cc3745a52
https://conda.anaconda.org/conda-forge/noarch/distro-1.9.0-pyhd8ed1ab_0.conda#bbdb409974cd6cb30071b1d978302726
https://conda.anaconda.org/conda-forge/noarch/exceptiongroup-1.2.2-pyhd8ed1ab_0.conda#d02ae936e42063ca46af6cdad2dbd1e0
https://conda.anaconda.org/conda-forge/noarch/executing-2.0.1-pyhd8ed1ab_0.conda#e16be50e378d8a4533b989035b196ab8
https://conda.anaconda.org/conda-forge/noarch/filelock-3.15.4-pyhd8ed1ab_0.conda#0e7e4388e9d5283e22b35a9443bdbcc9
https://conda.anaconda.org/conda-forge/linux-64/frozendict-2.4.4-py311h331c9d8_0.conda#2b9d917cb8b98e813459fffbb3844929
https://conda.anaconda.org/conda-forge/noarch/idna-3.8-pyhd8ed1ab_0.conda#99e164522f6bdf23c177c8d9ae63f975
https://conda.anaconda.org/conda-forge/noarch/jeepney-0.8.0-pyhd8ed1ab_0.tar.bz2#9800ad1699b42612478755a2d26c722d
https://conda.anaconda.org/conda-forge/linux-64/jsonpointer-3.0.0-py311h38be061_0.conda#01a505ab9b4e3af12baa98b82f5fcafa
https://conda.anaconda.org/conda-forge/linux-64/libarchive-3.7.4-hfca40fe_0.conda#32ddb97f897740641d8d46a829ce1704
https://conda.anaconda.org/conda-forge/linux-64/libblas-3.9.0-23_linux64_openblas.conda#96c8450a40aa2b9733073a9460de972c
https://conda.anaconda.org/conda-forge/linux-64/libcurl-8.9.1-hdb1bdb2_0.conda#7da1d242ca3591e174a3c7d82230d3c0
https://conda.anaconda.org/conda-forge/linux-64/markupsafe-2.1.5-py311h459d7ec_0.conda#a322b4185121935c871d201ae00ac143
https://conda.anaconda.org/conda-forge/linux-64/menuinst-2.1.2-py311h38be061_0.conda#8056bb9339279f0eae65c44d58fd4f3c
https://conda.anaconda.org/conda-forge/noarch/more-itertools-10.4.0-pyhd8ed1ab_0.conda#9295db8e2ba536b60951e905e336be54
https://conda.anaconda.org/conda-forge/linux-64/msgpack-python-1.0.8-py311h52f7536_0.conda#f33f59b8130753174992f409a41e112e
https://conda.anaconda.org/conda-forge/noarch/nest-asyncio-1.6.0-pyhd8ed1ab_0.conda#6598c056f64dc8800d40add25e4e2c34
https://conda.anaconda.org/conda-forge/noarch/packaging-24.1-pyhd8ed1ab_0.conda#cbe1bb1f21567018ce595d9c2be0f0db
https://conda.anaconda.org/conda-forge/noarch/parso-0.8.4-pyhd8ed1ab_0.conda#81534b420deb77da8833f2289b8d47ac
https://conda.anaconda.org/conda-forge/noarch/pastel-0.2.1-pyhd8ed1ab_0.tar.bz2#a4eea5bff523f26442405bc5d1f52adb
https://conda.anaconda.org/conda-forge/noarch/pickleshare-0.7.5-py_1003.tar.bz2#415f0ebb6198cc2801c73438a9fb5761
https://conda.anaconda.org/conda-forge/noarch/pkginfo-1.11.1-pyhd8ed1ab_0.conda#6a3e4fb1396215d0d88b3cc2f09de412
https://conda.anaconda.org/conda-forge/noarch/platformdirs-4.2.2-pyhd8ed1ab_0.conda#6f6cf28bf8e021933869bae3f84b8fc9
https://conda.anaconda.org/conda-forge/noarch/pluggy-1.5.0-pyhd8ed1ab_0.conda#d3483c8fc2dc2cc3f5cf43e26d60cabf
https://conda.anaconda.org/conda-forge/noarch/poetry-core-1.9.0-pyhd8ed1ab_0.conda#f9f26b837a81a128648353803950929e
https://conda.anaconda.org/conda-forge/linux-64/psutil-6.0.0-py311h331c9d8_0.conda#f1cbef9236edde98a811ba5a98975f2e
https://conda.anaconda.org/conda-forge/noarch/ptyprocess-0.7.0-pyhd3deb0d_0.tar.bz2#359eeb6536da0e687af562ed265ec263
https://conda.anaconda.org/conda-forge/noarch/pure_eval-0.2.3-pyhd8ed1ab_0.conda#0f051f09d992e0d08941706ad519ee0e
https://conda.anaconda.org/conda-forge/linux-64/pycosat-0.6.6-py311h459d7ec_0.conda#9a5b1fabf02c6c91da7203d7d5d53ffd
https://conda.anaconda.org/conda-forge/noarch/pycparser-2.22-pyhd8ed1ab_0.conda#844d9eb3b43095b031874477f7d70088
https://conda.anaconda.org/conda-forge/noarch/pygments-2.18.0-pyhd8ed1ab_0.conda#b7f5c092b8f9800150d998a71b76d5a1
https://conda.anaconda.org/conda-forge/noarch/pylev-1.4.0-pyhd8ed1ab_0.tar.bz2#edf8651c4379d9d1495ad6229622d150
https://conda.anaconda.org/conda-forge/noarch/pysocks-1.7.1-pyha2e5f31_6.tar.bz2#2a7de29fb590ca14b5243c4c812c8025
https://conda.anaconda.org/conda-forge/noarch/python-fastjsonschema-2.20.0-pyhd8ed1ab_0.conda#b98d2018c01ce9980c03ee2850690fab
https://conda.anaconda.org/conda-forge/noarch/python-installer-0.7.0-pyhd8ed1ab_0.conda#65dea78f903d686c8b0c2feaf0e15e1f
https://conda.anaconda.org/conda-forge/linux-64/pyyaml-6.0.2-py311h61187de_0.conda#76439451605390254b85d8da6f8d962a
https://conda.anaconda.org/conda-forge/linux-64/ruamel.yaml.clib-0.2.8-py311h459d7ec_0.conda#7865c897d89a39abc0056d89e37bd9e9
https://conda.anaconda.org/conda-forge/noarch/setuptools-72.2.0-pyhd8ed1ab_0.conda#1462aa8b243aad09ef5d0841c745eb89
https://conda.anaconda.org/conda-forge/noarch/shellingham-1.5.4-pyhd8ed1ab_0.conda#d08db09a552699ee9e7eec56b4eb3899
https://conda.anaconda.org/conda-forge/noarch/six-1.16.0-pyh6c4a22f_0.tar.bz2#e5f25f8dbc060e9a8d912e432202afc2
https://conda.anaconda.org/conda-forge/noarch/smmap-5.0.0-pyhd8ed1ab_0.tar.bz2#62f26a3d1387acee31322208f0cfa3e0
https://conda.anaconda.org/conda-forge/noarch/sniffio-1.3.1-pyhd8ed1ab_0.conda#490730480d76cf9c8f8f2849719c6e2b
https://conda.anaconda.org/conda-forge/noarch/sortedcontainers-2.4.0-pyhd8ed1ab_0.tar.bz2#6d6552722448103793743dabfbda532d
https://conda.anaconda.org/conda-forge/noarch/tomli-2.0.1-pyhd8ed1ab_0.tar.bz2#5844808ffab9ebdb694585b50ba02a96
https://conda.anaconda.org/conda-forge/noarch/tomlkit-0.13.2-pyha770c72_0.conda#0062a5f3347733f67b0f33ca48cc21dd
https://conda.anaconda.org/conda-forge/noarch/toolz-0.12.1-pyhd8ed1ab_0.conda#2fcb582444635e2c402e8569bb94e039
https://conda.anaconda.org/conda-forge/linux-64/tornado-6.4.1-py311h331c9d8_0.conda#e29e451c96bf8e81a5760b7565c6ed2c
https://conda.anaconda.org/conda-forge/noarch/traitlets-5.14.3-pyhd8ed1ab_0.conda#3df84416a021220d8b5700c613af2dc5
https://conda.anaconda.org/conda-forge/noarch/trove-classifiers-2024.7.2-pyhd8ed1ab_0.conda#2b9f52c7ecb8d017e50f91852aead307
https://conda.anaconda.org/conda-forge/noarch/truststore-0.8.0-pyhd8ed1ab_0.conda#08316d001eca8854392cf2837828ea11
https://conda.anaconda.org/conda-forge/noarch/typing_extensions-4.12.2-pyha770c72_0.conda#ebe6952715e1d5eb567eeebf25250fa7
https://conda.anaconda.org/conda-forge/noarch/wcwidth-0.2.13-pyhd8ed1ab_0.conda#68f0738df502a14213624b288c60c9ad
https://conda.anaconda.org/conda-forge/noarch/webencodings-0.5.1-pyhd8ed1ab_2.conda#daf5160ff9cde3a468556965329085b9
https://conda.anaconda.org/conda-forge/noarch/wheel-0.44.0-pyhd8ed1ab_0.conda#d44e3b085abcaef02983c6305b84b584
https://conda.anaconda.org/conda-forge/linux-64/zeromq-4.3.5-h75354e8_4.conda#03cc8d9838ad9dd0060ab532e81ccb21
https://conda.anaconda.org/conda-forge/noarch/zipp-3.20.0-pyhd8ed1ab_0.conda#05b6bcb391b5be17374f7ad0aeedc479
https://conda.anaconda.org/conda-forge/noarch/asttokens-2.4.1-pyhd8ed1ab_0.conda#5f25798dcefd8252ce5f9dc494d5f571
https://conda.anaconda.org/conda-forge/linux-64/cffi-1.17.0-py311ha8e6434_0.conda#32259cd17741b52be10cd23a26cca23a
https://conda.anaconda.org/conda-forge/noarch/click-default-group-1.2.4-pyhd8ed1ab_0.conda#7c2b6931f9b3548ed78478332095c3e9
https://conda.anaconda.org/conda-forge/noarch/clikit-0.6.2-pyhd8ed1ab_2.conda#02abb7b66b02e8b9f5a9b05454400087
https://conda.anaconda.org/conda-forge/noarch/comm-0.2.2-pyhd8ed1ab_0.conda#948d84721b578d426294e17a02e24cbb
https://conda.anaconda.org/conda-forge/noarch/gitdb-4.0.11-pyhd8ed1ab_0.conda#623b19f616f2ca0c261441067e18ae40
https://conda.anaconda.org/conda-forge/noarch/h11-0.14.0-pyhd8ed1ab_0.tar.bz2#b21ed0883505ba1910994f1df031a428
https://conda.anaconda.org/conda-forge/noarch/html5lib-1.1-pyh9f0ad1d_0.tar.bz2#b2355343d6315c892543200231d7154a
https://conda.anaconda.org/conda-forge/noarch/importlib-metadata-8.4.0-pyha770c72_0.conda#6e3dbc422d3749ad72659243d6ac8b2b
https://conda.anaconda.org/conda-forge/noarch/jaraco.classes-3.4.0-pyhd8ed1ab_1.conda#7b756504d362cbad9b73a50a5455cafd
https://conda.anaconda.org/conda-forge/noarch/jedi-0.19.1-pyhd8ed1ab_0.conda#81a3be0b2023e1ea8555781f0ad904a2
https://conda.anaconda.org/conda-forge/noarch/jinja2-3.1.4-pyhd8ed1ab_0.conda#7b86ecb7d3557821c649b3c31e3eb9f2
https://conda.anaconda.org/conda-forge/noarch/jsonpatch-1.33-pyhd8ed1ab_0.conda#bfdb7c5c6ad1077c82a69a8642c87aff
https://conda.anaconda.org/conda-forge/linux-64/jupyter_core-5.7.2-py311h38be061_0.conda#f85e78497dfed6f6a4b865191f42de2e
https://conda.anaconda.org/conda-forge/linux-64/libcblas-3.9.0-23_linux64_openblas.conda#eede29b40efa878cbe5bdcb767e97310
https://conda.anaconda.org/conda-forge/linux-64/liblapack-3.9.0-23_linux64_openblas.conda#2af0879961951987e464722fd00ec1e0
https://conda.anaconda.org/conda-forge/linux-64/libmamba-1.5.8-had39da4_0.conda#def669885dc103d8acb7ac2ac35e0b2f
https://conda.anaconda.org/conda-forge/noarch/matplotlib-inline-0.1.7-pyhd8ed1ab_0.conda#779345c95648be40d22aaa89de7d4254
https://conda.anaconda.org/conda-forge/noarch/outcome-1.3.0.post0-pyhd8ed1ab_0.conda#c2954fba1935b5775755e3f14d951af0
https://conda.anaconda.org/conda-forge/noarch/pexpect-4.9.0-pyhd8ed1ab_0.conda#629f3203c99b32e0988910c93e77f3b6
https://conda.anaconda.org/conda-forge/noarch/pip-24.2-pyhd8ed1ab_0.conda#6721aef6bfe5937abe70181545dd2c51
https://conda.anaconda.org/conda-forge/noarch/prompt-toolkit-3.0.47-pyha770c72_0.conda#1247c861065d227781231950e14fe817
https://conda.anaconda.org/conda-forge/noarch/pyproject_hooks-1.1.0-pyhd8ed1ab_0.conda#03736d8ced74deece64e54be348ddd3e
https://conda.anaconda.org/conda-forge/noarch/python-dateutil-2.9.0-pyhd8ed1ab_0.conda#2cf4264fffb9e6eff6031c5b6884d61c
https://conda.anaconda.org/conda-forge/linux-64/pyzmq-26.2.0-py311h7deb3e3_0.conda#536c998639c24ff56b79e86f9e422272
https://conda.anaconda.org/conda-forge/linux-64/ruamel.yaml-0.18.6-py311h459d7ec_0.conda#4dccc0bc3bb4d6e5c30bccbd053c4f90
https://conda.anaconda.org/conda-forge/noarch/tqdm-4.66.5-pyhd8ed1ab_0.conda#c6e94fc2b2ec71ea33fe7c7da259acb4
https://conda.anaconda.org/conda-forge/noarch/typing-extensions-4.12.2-hd8ed1ab_0.conda#52d648bd608f5737b123f510bb5514b5
https://conda.anaconda.org/conda-forge/noarch/urllib3-1.26.19-pyhd8ed1ab_0.conda#6bb37c314b3cc1515dcf086ffe01c46e
https://conda.anaconda.org/conda-forge/noarch/virtualenv-20.26.3-pyhd8ed1ab_0.conda#284008712816c64c85bf2b7fa9f3b264
https://conda.anaconda.org/conda-forge/noarch/annotated-types-0.7.0-pyhd8ed1ab_0.conda#7e9f4612544c8edbfd6afad17f1bd045
https://conda.anaconda.org/conda-forge/linux-64/cryptography-43.0.0-py311hc6616f6_0.conda#f392b3f7a26db16f37cf82996dcfc84d
https://conda.anaconda.org/conda-forge/linux-64/dulwich-0.21.7-py311h459d7ec_0.conda#a50b0c00b7498cfde328e63a3e18d9d3
https://conda.anaconda.org/conda-forge/noarch/gitpython-3.1.43-pyhd8ed1ab_0.conda#0b2154c1818111e17381b1df5b4b0176
https://conda.anaconda.org/conda-forge/noarch/importlib_metadata-8.4.0-hd8ed1ab_0.conda#01b7411c765c3d863dcc920207f258bd
https://conda.anaconda.org/conda-forge/linux-64/libmambapy-1.5.8-py311hf2555c7_0.conda#6ee8eb6fcdebba74be7663c654c161ca
https://conda.anaconda.org/conda-forge/linux-64/numpy-2.1.0-py311hed25524_0.conda#8de4feabb34ab837dc7e5703affbe89e
https://conda.anaconda.org/conda-forge/linux-64/pydantic-core-2.20.1-py311hb3a8bbb_0.conda#6cb8806e9e920bd9c32205128d848a00
https://conda.anaconda.org/conda-forge/noarch/python-build-1.2.1-pyhd8ed1ab_0.conda#d657cde3b3943fcedf6038138eea84de
https://conda.anaconda.org/conda-forge/noarch/requests-2.32.3-pyhd8ed1ab_0.conda#5ede4753180c7a550a443c430dc8ab52
https://conda.anaconda.org/conda-forge/noarch/stack_data-0.6.2-pyhd8ed1ab_0.conda#e7df0fdd404616638df5ece6e69ba7af
https://conda.anaconda.org/conda-forge/linux-64/trio-0.26.2-py311h38be061_0.conda#b894912819864d5bf73c04fa65a23174
https://conda.anaconda.org/conda-forge/noarch/wsproto-1.2.0-pyhd8ed1ab_0.tar.bz2#00ba804b54f451d102f6a7615f08470d
https://conda.anaconda.org/conda-forge/linux-64/zstandard-0.23.0-py311h5cd10c7_0.conda#8efe4fe2396281627b3450af8357b190
https://conda.anaconda.org/conda-forge/noarch/cachecontrol-0.14.0-pyhd8ed1ab_1.conda#a54e449940b3e4bb2129b8daae0c1f65
https://conda.anaconda.org/conda-forge/noarch/conda-package-streaming-0.10.0-pyhd8ed1ab_0.conda#3480386e00995f7a1dfb3b9aa2fe70fd
https://conda.anaconda.org/conda-forge/noarch/ensureconda-1.4.4-pyhd8ed1ab_0.conda#e54a91c3a65491b13c68f7696425bac8
https://conda.anaconda.org/conda-forge/noarch/ipython-8.26.0-pyh707e725_0.conda#f64d3520d5d00321c10f4dabb5b903f3
https://conda.anaconda.org/conda-forge/noarch/jupyter_client-8.6.2-pyhd8ed1ab_0.conda#3cdbb2fa84490e5fd44c9f9806c0d292
https://conda.anaconda.org/conda-forge/noarch/pydantic-2.8.2-pyhd8ed1ab_0.conda#539a038a24a959662df1fcaa2cfc5c3e
https://conda.anaconda.org/conda-forge/linux-64/rapidfuzz-3.9.6-py311hf86e51f_0.conda#59163a00d1b4364fdcdc4d580a07e9a8
https://conda.anaconda.org/conda-forge/noarch/requests-toolbelt-1.0.0-pyhd8ed1ab_0.conda#99c98318c8646b08cc764f90ce98906e
https://conda.anaconda.org/conda-forge/linux-64/secretstorage-3.3.3-py311h38be061_2.conda#30a57eaa8e72cb0c2c84d6d7db32010c
https://conda.anaconda.org/conda-forge/noarch/trio-websocket-0.11.1-pyhd8ed1ab_0.conda#020557a424faf98154938da4426fe987
https://conda.anaconda.org/conda-forge/noarch/cachecontrol-with-filecache-0.14.0-pyhd8ed1ab_1.conda#42a12b0b21d64b36a9ab9a24a04eb910
https://conda.anaconda.org/conda-forge/noarch/cleo-2.1.0-pyhd8ed1ab_0.conda#69569ea8a6d1465193345a40421d138b
https://conda.anaconda.org/conda-forge/noarch/conda-package-handling-2.3.0-pyh7900ff3_0.conda#0a7dce281ae2be81acab0aa963e6bb99
https://conda.anaconda.org/conda-forge/noarch/ipykernel-6.29.5-pyh3099207_0.conda#b40131ab6a36ac2c09b7c57d4d3fbf99
https://conda.anaconda.org/conda-forge/linux-64/keyring-24.3.1-py311h38be061_0.conda#0cd643c771fd81eec082cca79e52e08f
https://conda.anaconda.org/conda-forge/noarch/selenium-4.16.0-pyhd8ed1ab_0.conda#bdfe352529493afd8db9103df11e0bbf
https://conda.anaconda.org/conda-forge/noarch/conda-lock-2.5.7-pyhd8ed1ab_0.conda#154d0c643be6a9ce6fbe655d007d8e4e
https://conda.anaconda.org/conda-forge/linux-64/conda-24.7.1-py311h38be061_0.conda#63a6341170bb4762fbf5557d8a6ba48f
https://conda.anaconda.org/conda-forge/noarch/conda-libmamba-solver-24.7.0-pyhd8ed1ab_0.conda#857c9e25f0a77c0bd7eb622d46d9418f
https://conda.anaconda.org/conda-forge/linux-64/mamba-1.5.8-py311h3072747_0.conda#71b3c1635c20081d523a1205959938ce
https://conda.anaconda.org/conda-forge/noarch/poetry-1.8.3-linux_pyha804496_1.conda#022096679c2d4af6fc27f4a8f9eaecd6
https://conda.anaconda.org/conda-forge/noarch/poetry-plugin-export-1.8.0-pyhd8ed1ab_0.conda#9435d439db818300e34b28eb6ac324ba
