# Generated by conda-lock.
# platform: linux-64
# input_hash: 13350e31dba228c8158372572e236af571659ffa21a261daaf0f14954517f02b
@EXPLICIT
https://conda.anaconda.org/conda-forge/linux-64/_libgcc_mutex-0.1-conda_forge.tar.bz2#d7c89558ba9fa0495403155b64376d81
https://conda.anaconda.org/conda-forge/linux-64/ca-certificates-2024.2.2-hbcca054_0.conda#2f4327a1cbe7f022401b236e915a5fef
https://conda.anaconda.org/conda-forge/linux-64/ld_impl_linux-64-2.40-h55db66e_0.conda#10569984e7db886e4f1abc2b47ad79a1
https://conda.anaconda.org/conda-forge/linux-64/libstdcxx-ng-13.2.0-hc0a3c3a_7.conda#53ebd4c833fa01cb2c6353e99f905406
https://conda.anaconda.org/conda-forge/noarch/pybind11-abi-4-hd8ed1ab_3.tar.bz2#878f923dd6acc8aeb47a75da6c4098be
https://conda.anaconda.org/conda-forge/linux-64/python_abi-3.11-4_cp311.conda#d786502c97404c94d7d58d258a445a65
https://conda.anaconda.org/conda-forge/noarch/tzdata-2024a-h0c530f3_0.conda#161081fc7cec0bfda0d86d7cb595f8d8
https://conda.anaconda.org/conda-forge/linux-64/libgomp-13.2.0-h77fa898_7.conda#abf3fec87c2563697defa759dec3d639
https://conda.anaconda.org/conda-forge/linux-64/_openmp_mutex-4.5-2_gnu.tar.bz2#73aaf86a425cc6e73fcf236a5a46396d
https://conda.anaconda.org/conda-forge/linux-64/libgcc-ng-13.2.0-h77fa898_7.conda#72ec1b1b04c4d15d4204ece1ecea5978
https://conda.anaconda.org/conda-forge/linux-64/bzip2-1.0.8-hd590300_5.conda#69b8b6202a07720f448be700e300ccf4
https://conda.anaconda.org/conda-forge/linux-64/c-ares-1.28.1-hd590300_0.conda#dcde58ff9a1f30b0037a2315d1846d1f
https://conda.anaconda.org/conda-forge/linux-64/fmt-10.2.1-h00ab1b0_0.conda#35ef8bc24bd34074ebae3c943d551728
https://conda.anaconda.org/conda-forge/linux-64/icu-73.2-h59595ed_0.conda#cc47e1facc155f91abd89b11e48e72ff
https://conda.anaconda.org/conda-forge/linux-64/keyutils-1.6.1-h166bdaf_0.tar.bz2#30186d27e2c9fa62b45fb1476b7200e3
https://conda.anaconda.org/conda-forge/linux-64/libev-4.33-hd590300_2.conda#172bf1cd1ff8629f2b1179945ed45055
https://conda.anaconda.org/conda-forge/linux-64/libexpat-2.6.2-h59595ed_0.conda#e7ba12deb7020dd080c6c70e7b6f6a3d
https://conda.anaconda.org/conda-forge/linux-64/libffi-3.4.2-h7f98852_5.tar.bz2#d645c6d2ac96843a2bfaccd2d62b3ac3
https://conda.anaconda.org/conda-forge/linux-64/libgfortran5-13.2.0-hca663fb_7.conda#c0bd771f09a326fdcd95a60b617795bf
https://conda.anaconda.org/conda-forge/linux-64/libiconv-1.17-hd590300_2.conda#d66573916ffcf376178462f1b61c941e
https://conda.anaconda.org/conda-forge/linux-64/libnsl-2.0.1-hd590300_0.conda#30fd6e37fe21f86f4bd26d6ee73eeec7
https://conda.anaconda.org/conda-forge/linux-64/libsodium-1.0.18-h36c2ea0_1.tar.bz2#c3788462a6fbddafdb413a9f9053e58d
https://conda.anaconda.org/conda-forge/linux-64/libuuid-2.38.1-h0b41bf4_0.conda#40b61aab5c7ba9ff276c41cfffe6b80b
https://conda.anaconda.org/conda-forge/linux-64/libxcrypt-4.4.36-hd590300_1.conda#5aa797f8787fe7a17d1b0821485b5adc
https://conda.anaconda.org/conda-forge/linux-64/libzlib-1.2.13-hd590300_5.conda#f36c115f1ee199da648e0597ec2047ad
https://conda.anaconda.org/conda-forge/linux-64/lz4-c-1.9.4-hcb278e6_0.conda#318b08df404f9c9be5712aaa5a6f0bb0
https://conda.anaconda.org/conda-forge/linux-64/lzo-2.10-hd590300_1001.conda#ec7398d21e2651e0dcb0044d03b9a339
https://conda.anaconda.org/conda-forge/linux-64/ncurses-6.4.20240210-h59595ed_0.conda#97da8860a0da5413c7c98a3b3838a645
https://conda.anaconda.org/conda-forge/linux-64/openssl-3.3.0-hd590300_0.conda#c0f3abb4a16477208bbd43a39bd56f18
https://conda.anaconda.org/conda-forge/linux-64/reproc-14.2.4.post0-hd590300_1.conda#82ca53502dfd5a64a80dee76dae14685
https://conda.anaconda.org/conda-forge/linux-64/selenium-manager-4.16.0-he8a937b_0.conda#64456173e19a30f40f18d0d58e895602
https://conda.anaconda.org/conda-forge/linux-64/xz-5.2.6-h166bdaf_0.tar.bz2#2161070d867d1b1204ea749c8eec4ef0
https://conda.anaconda.org/conda-forge/linux-64/yaml-0.2.5-h7f98852_2.tar.bz2#4cb3ad778ec2d5a7acbdf254eb1c42ae
https://conda.anaconda.org/conda-forge/linux-64/yaml-cpp-0.8.0-h59595ed_0.conda#965eaacd7c18eb8361fd12bb9e7a57d7
https://conda.anaconda.org/conda-forge/linux-64/expat-2.6.2-h59595ed_0.conda#53fb86322bdb89496d7579fe3f02fd61
https://conda.anaconda.org/conda-forge/linux-64/libedit-3.1.20191231-he28a2e2_2.tar.bz2#4d331e44109e3f0e19b4cb8f9b82f3e1
https://conda.anaconda.org/conda-forge/linux-64/libgfortran-ng-13.2.0-h69a702a_7.conda#1b84f26d9f4f6026e179e7805d5a15cd
https://conda.anaconda.org/conda-forge/linux-64/libnghttp2-1.58.0-h47da74e_1.conda#700ac6ea6d53d5510591c4344d5c989a
https://conda.anaconda.org/conda-forge/linux-64/libsolv-0.7.29-ha6fb4c9_0.conda#28f3c528c01a07a592ee19f73ed730a0
https://conda.anaconda.org/conda-forge/linux-64/libsqlite-3.45.3-h2797004_0.conda#b3316cbe90249da4f8e84cd66e1cc55b
https://conda.anaconda.org/conda-forge/linux-64/libssh2-1.11.0-h0841786_0.conda#1f5a58e686b13bcfde88b93f547d23fe
https://conda.anaconda.org/conda-forge/linux-64/libxml2-2.12.6-h232c23b_2.conda#9a3a42df8a95f65334dfc7b80da1195d
https://conda.anaconda.org/conda-forge/linux-64/pcre2-10.43-hcad00b1_0.conda#8292dea9e022d9610a11fce5e0896ed8
https://conda.anaconda.org/conda-forge/linux-64/readline-8.2-h8228510_1.conda#47d31b792659ce70f470b5c82fdfb7a4
https://conda.anaconda.org/conda-forge/linux-64/reproc-cpp-14.2.4.post0-h59595ed_1.conda#715e1d720ec1a03715bebd237972fca5
https://conda.anaconda.org/conda-forge/linux-64/tk-8.6.13-noxft_h4845f30_101.conda#d453b98d9c83e71da0741bb0ff4d76bc
https://conda.anaconda.org/conda-forge/linux-64/zstd-1.5.6-ha6fb4c9_0.conda#4d056880988120e29d75bfff282e0f45
https://conda.anaconda.org/conda-forge/linux-64/krb5-1.21.2-h659d440_0.conda#cd95826dbd331ed1be26bdf401432844
https://conda.anaconda.org/conda-forge/linux-64/libarchive-3.7.2-h2aa1ff5_1.conda#3bf887827d1968275978361a6e405e4f
https://conda.anaconda.org/conda-forge/linux-64/libglib-2.80.0-hf2295e7_6.conda#9342e7c44c38bea649490f72d92c382d
https://conda.anaconda.org/conda-forge/linux-64/libopenblas-0.3.27-pthreads_h413a1c8_0.conda#a356024784da6dfd4683dc5ecf45b155
https://conda.anaconda.org/conda-forge/linux-64/python-3.11.9-hb806964_0_cpython.conda#ac68acfa8b558ed406c75e98d3428d7b
https://conda.anaconda.org/conda-forge/noarch/appdirs-1.4.4-pyh9f0ad1d_0.tar.bz2#5f095bc6454094e96f146491fd03633b
https://conda.anaconda.org/conda-forge/noarch/archspec-0.2.3-pyhd8ed1ab_0.conda#192278292e20704f663b9c766909d67b
https://conda.anaconda.org/conda-forge/noarch/attrs-23.2.0-pyh71513ae_0.conda#5e4c0743c70186509d1412e03c2d8dfa
https://conda.anaconda.org/conda-forge/noarch/boltons-24.0.0-pyhd8ed1ab_0.conda#61de176bd62041f9cd5bd4fcd09eb0ff
https://conda.anaconda.org/conda-forge/linux-64/brotli-python-1.1.0-py311hb755f60_1.conda#cce9e7c3f1c307f2a5fb08a2922d6164
https://conda.anaconda.org/conda-forge/noarch/cachy-0.3.0-pyhd8ed1ab_1.tar.bz2#5dfee17f24e2dfd18d7392b48c9351e2
https://conda.anaconda.org/conda-forge/noarch/certifi-2024.2.2-pyhd8ed1ab_0.conda#0876280e409658fc6f9e75d035960333
https://conda.anaconda.org/conda-forge/noarch/charset-normalizer-3.3.2-pyhd8ed1ab_0.conda#7f4a9e3fcff3f6356ae99244a014da6a
https://conda.anaconda.org/conda-forge/noarch/click-8.1.7-unix_pyh707e725_0.conda#f3ad426304898027fc619827ff428eca
https://conda.anaconda.org/conda-forge/noarch/colorama-0.4.6-pyhd8ed1ab_0.tar.bz2#3faab06a954c2a04039983f2c4a50d99
https://conda.anaconda.org/conda-forge/noarch/crashtest-0.4.1-pyhd8ed1ab_0.tar.bz2#709a2295dd907bb34afb57d54320642f
https://conda.anaconda.org/conda-forge/linux-64/dbus-1.13.6-h5008d03_3.tar.bz2#ecfff944ba3960ecb334b9a2663d708d
https://conda.anaconda.org/conda-forge/linux-64/debugpy-1.8.1-py311hb755f60_0.conda#17b98238cbbfbebacd46b79b7fc629a9
https://conda.anaconda.org/conda-forge/noarch/decorator-5.1.1-pyhd8ed1ab_0.tar.bz2#43afe5ab04e35e17ba28649471dd7364
https://conda.anaconda.org/conda-forge/noarch/distlib-0.3.8-pyhd8ed1ab_0.conda#db16c66b759a64dc5183d69cc3745a52
https://conda.anaconda.org/conda-forge/noarch/distro-1.9.0-pyhd8ed1ab_0.conda#bbdb409974cd6cb30071b1d978302726
https://conda.anaconda.org/conda-forge/noarch/exceptiongroup-1.2.0-pyhd8ed1ab_2.conda#8d652ea2ee8eaee02ed8dc820bc794aa
https://conda.anaconda.org/conda-forge/noarch/executing-2.0.1-pyhd8ed1ab_0.conda#e16be50e378d8a4533b989035b196ab8
https://conda.anaconda.org/conda-forge/noarch/filelock-3.14.0-pyhd8ed1ab_0.conda#831d85ae0acfba31b8efd0f0d07da736
https://conda.anaconda.org/conda-forge/noarch/idna-3.7-pyhd8ed1ab_0.conda#c0cc1420498b17414d8617d0b9f506ca
https://conda.anaconda.org/conda-forge/noarch/jeepney-0.8.0-pyhd8ed1ab_0.tar.bz2#9800ad1699b42612478755a2d26c722d
https://conda.anaconda.org/conda-forge/linux-64/jsonpointer-2.4-py311h38be061_3.conda#41d52d822edf991bf0e6b08c1921a8ec
https://conda.anaconda.org/conda-forge/linux-64/libblas-3.9.0-22_linux64_openblas.conda#1a2a0cd3153464fee6646f3dd6dad9b8
https://conda.anaconda.org/conda-forge/linux-64/libcurl-8.7.1-hca28451_0.conda#755c7f876815003337d2c61ff5d047e5
https://conda.anaconda.org/conda-forge/linux-64/markupsafe-2.1.5-py311h459d7ec_0.conda#a322b4185121935c871d201ae00ac143
https://conda.anaconda.org/conda-forge/linux-64/menuinst-2.0.2-py311h38be061_0.conda#0f8411bb84953be39017f87223307cb8
https://conda.anaconda.org/conda-forge/noarch/more-itertools-10.2.0-pyhd8ed1ab_0.conda#d5c98e9706fdc5328d49a9bf2ce5fb42
https://conda.anaconda.org/conda-forge/linux-64/msgpack-python-1.0.7-py311h9547e67_0.conda#3ac85c6c226e2a2e4b17864fc2ca88ff
https://conda.anaconda.org/conda-forge/noarch/nest-asyncio-1.6.0-pyhd8ed1ab_0.conda#6598c056f64dc8800d40add25e4e2c34
https://conda.anaconda.org/conda-forge/noarch/packaging-24.0-pyhd8ed1ab_0.conda#248f521b64ce055e7feae3105e7abeb8
https://conda.anaconda.org/conda-forge/noarch/parso-0.8.4-pyhd8ed1ab_0.conda#81534b420deb77da8833f2289b8d47ac
https://conda.anaconda.org/conda-forge/noarch/pastel-0.2.1-pyhd8ed1ab_0.tar.bz2#a4eea5bff523f26442405bc5d1f52adb
https://conda.anaconda.org/conda-forge/noarch/pickleshare-0.7.5-py_1003.tar.bz2#415f0ebb6198cc2801c73438a9fb5761
https://conda.anaconda.org/conda-forge/noarch/pkginfo-1.10.0-pyhd8ed1ab_0.conda#8c6a4a704308f5d91f3a974a72db1096
https://conda.anaconda.org/conda-forge/noarch/platformdirs-4.2.1-pyhd8ed1ab_0.conda#d478a8a3044cdff1aa6e62f9269cefe0
https://conda.anaconda.org/conda-forge/noarch/pluggy-1.5.0-pyhd8ed1ab_0.conda#d3483c8fc2dc2cc3f5cf43e26d60cabf
https://conda.anaconda.org/conda-forge/noarch/poetry-core-1.9.0-pyhd8ed1ab_0.conda#f9f26b837a81a128648353803950929e
https://conda.anaconda.org/conda-forge/linux-64/psutil-5.9.8-py311h459d7ec_0.conda#9bc62d25dcf64eec484974a3123c9d57
https://conda.anaconda.org/conda-forge/noarch/ptyprocess-0.7.0-pyhd3deb0d_0.tar.bz2#359eeb6536da0e687af562ed265ec263
https://conda.anaconda.org/conda-forge/noarch/pure_eval-0.2.2-pyhd8ed1ab_0.tar.bz2#6784285c7e55cb7212efabc79e4c2883
https://conda.anaconda.org/conda-forge/linux-64/pycosat-0.6.6-py311h459d7ec_0.conda#9a5b1fabf02c6c91da7203d7d5d53ffd
https://conda.anaconda.org/conda-forge/noarch/pycparser-2.22-pyhd8ed1ab_0.conda#844d9eb3b43095b031874477f7d70088
https://conda.anaconda.org/conda-forge/noarch/pygments-2.18.0-pyhd8ed1ab_0.conda#b7f5c092b8f9800150d998a71b76d5a1
https://conda.anaconda.org/conda-forge/noarch/pylev-1.4.0-pyhd8ed1ab_0.tar.bz2#edf8651c4379d9d1495ad6229622d150
https://conda.anaconda.org/conda-forge/noarch/pysocks-1.7.1-pyha2e5f31_6.tar.bz2#2a7de29fb590ca14b5243c4c812c8025
https://conda.anaconda.org/conda-forge/noarch/python-fastjsonschema-2.19.1-pyhd8ed1ab_0.conda#4d3ceee3af4b0f9a1f48f57176bf8625
https://conda.anaconda.org/conda-forge/noarch/python-installer-0.7.0-pyhd8ed1ab_0.conda#65dea78f903d686c8b0c2feaf0e15e1f
https://conda.anaconda.org/conda-forge/linux-64/pyyaml-6.0.1-py311h459d7ec_1.conda#52719a74ad130de8fb5d047dc91f247a
https://conda.anaconda.org/conda-forge/linux-64/ruamel.yaml.clib-0.2.8-py311h459d7ec_0.conda#7865c897d89a39abc0056d89e37bd9e9
https://conda.anaconda.org/conda-forge/noarch/setuptools-69.5.1-pyhd8ed1ab_0.conda#7462280d81f639363e6e63c81276bd9e
https://conda.anaconda.org/conda-forge/noarch/shellingham-1.5.4-pyhd8ed1ab_0.conda#d08db09a552699ee9e7eec56b4eb3899
https://conda.anaconda.org/conda-forge/noarch/six-1.16.0-pyh6c4a22f_0.tar.bz2#e5f25f8dbc060e9a8d912e432202afc2
https://conda.anaconda.org/conda-forge/noarch/smmap-5.0.0-pyhd8ed1ab_0.tar.bz2#62f26a3d1387acee31322208f0cfa3e0
https://conda.anaconda.org/conda-forge/noarch/sniffio-1.3.1-pyhd8ed1ab_0.conda#490730480d76cf9c8f8f2849719c6e2b
https://conda.anaconda.org/conda-forge/noarch/sortedcontainers-2.4.0-pyhd8ed1ab_0.tar.bz2#6d6552722448103793743dabfbda532d
https://conda.anaconda.org/conda-forge/noarch/tomli-2.0.1-pyhd8ed1ab_0.tar.bz2#5844808ffab9ebdb694585b50ba02a96
https://conda.anaconda.org/conda-forge/noarch/tomlkit-0.12.4-pyha770c72_0.conda#37c47ea93ef00dd80d880fc4ba21256a
https://conda.anaconda.org/conda-forge/noarch/toolz-0.12.1-pyhd8ed1ab_0.conda#2fcb582444635e2c402e8569bb94e039
https://conda.anaconda.org/conda-forge/linux-64/tornado-6.4-py311h459d7ec_0.conda#cc7727006191b8f3630936b339a76cd0
https://conda.anaconda.org/conda-forge/noarch/traitlets-5.14.3-pyhd8ed1ab_0.conda#3df84416a021220d8b5700c613af2dc5
https://conda.anaconda.org/conda-forge/noarch/trove-classifiers-2024.4.10-pyhd8ed1ab_0.conda#9622d541e2314c0207bebdc0359fa478
https://conda.anaconda.org/conda-forge/noarch/truststore-0.8.0-pyhd8ed1ab_0.conda#08316d001eca8854392cf2837828ea11
https://conda.anaconda.org/conda-forge/noarch/typing_extensions-4.11.0-pyha770c72_0.conda#6ef2fc37559256cf682d8b3375e89b80
https://conda.anaconda.org/conda-forge/noarch/wcwidth-0.2.13-pyhd8ed1ab_0.conda#68f0738df502a14213624b288c60c9ad
https://conda.anaconda.org/conda-forge/noarch/webencodings-0.5.1-pyhd8ed1ab_2.conda#daf5160ff9cde3a468556965329085b9
https://conda.anaconda.org/conda-forge/noarch/wheel-0.43.0-pyhd8ed1ab_1.conda#0b5293a157c2b5cd513dd1b03d8d3aae
https://conda.anaconda.org/conda-forge/linux-64/zeromq-4.3.5-h75354e8_3.conda#1b0ea5d6674e4e7dde0537c890813edb
https://conda.anaconda.org/conda-forge/noarch/zipp-3.17.0-pyhd8ed1ab_0.conda#2e4d6bc0b14e10f895fc6791a7d9b26a
https://conda.anaconda.org/conda-forge/noarch/asttokens-2.4.1-pyhd8ed1ab_0.conda#5f25798dcefd8252ce5f9dc494d5f571
https://conda.anaconda.org/conda-forge/linux-64/cffi-1.16.0-py311hb3a22ac_0.conda#b3469563ac5e808b0cd92810d0697043
https://conda.anaconda.org/conda-forge/noarch/click-default-group-1.2.4-pyhd8ed1ab_0.conda#7c2b6931f9b3548ed78478332095c3e9
https://conda.anaconda.org/conda-forge/noarch/clikit-0.6.2-pyhd8ed1ab_2.conda#02abb7b66b02e8b9f5a9b05454400087
https://conda.anaconda.org/conda-forge/noarch/comm-0.2.2-pyhd8ed1ab_0.conda#948d84721b578d426294e17a02e24cbb
https://conda.anaconda.org/conda-forge/noarch/gitdb-4.0.11-pyhd8ed1ab_0.conda#623b19f616f2ca0c261441067e18ae40
https://conda.anaconda.org/conda-forge/noarch/h11-0.14.0-pyhd8ed1ab_0.tar.bz2#b21ed0883505ba1910994f1df031a428
https://conda.anaconda.org/conda-forge/noarch/html5lib-1.1-pyh9f0ad1d_0.tar.bz2#b2355343d6315c892543200231d7154a
https://conda.anaconda.org/conda-forge/noarch/importlib-metadata-7.1.0-pyha770c72_0.conda#0896606848b2dc5cebdf111b6543aa04
https://conda.anaconda.org/conda-forge/noarch/jaraco.classes-3.4.0-pyhd8ed1ab_1.conda#7b756504d362cbad9b73a50a5455cafd
https://conda.anaconda.org/conda-forge/noarch/jedi-0.19.1-pyhd8ed1ab_0.conda#81a3be0b2023e1ea8555781f0ad904a2
https://conda.anaconda.org/conda-forge/noarch/jinja2-3.1.4-pyhd8ed1ab_0.conda#7b86ecb7d3557821c649b3c31e3eb9f2
https://conda.anaconda.org/conda-forge/noarch/jsonpatch-1.33-pyhd8ed1ab_0.conda#bfdb7c5c6ad1077c82a69a8642c87aff
https://conda.anaconda.org/conda-forge/linux-64/jupyter_core-5.7.2-py311h38be061_0.conda#f85e78497dfed6f6a4b865191f42de2e
https://conda.anaconda.org/conda-forge/linux-64/libcblas-3.9.0-22_linux64_openblas.conda#4b31699e0ec5de64d5896e580389c9a1
https://conda.anaconda.org/conda-forge/linux-64/liblapack-3.9.0-22_linux64_openblas.conda#b083767b6c877e24ee597d93b87ab838
https://conda.anaconda.org/conda-forge/linux-64/libmamba-1.5.8-had39da4_0.conda#def669885dc103d8acb7ac2ac35e0b2f
https://conda.anaconda.org/conda-forge/noarch/matplotlib-inline-0.1.7-pyhd8ed1ab_0.conda#779345c95648be40d22aaa89de7d4254
https://conda.anaconda.org/conda-forge/noarch/outcome-1.3.0.post0-pyhd8ed1ab_0.conda#c2954fba1935b5775755e3f14d951af0
https://conda.anaconda.org/conda-forge/noarch/pexpect-4.9.0-pyhd8ed1ab_0.conda#629f3203c99b32e0988910c93e77f3b6
https://conda.anaconda.org/conda-forge/noarch/pip-24.0-pyhd8ed1ab_0.conda#f586ac1e56c8638b64f9c8122a7b8a67
https://conda.anaconda.org/conda-forge/noarch/prompt-toolkit-3.0.42-pyha770c72_0.conda#0bf64bf10eee21f46ac83c161917fa86
https://conda.anaconda.org/conda-forge/noarch/pyproject_hooks-1.1.0-pyhd8ed1ab_0.conda#03736d8ced74deece64e54be348ddd3e
https://conda.anaconda.org/conda-forge/noarch/python-dateutil-2.9.0-pyhd8ed1ab_0.conda#2cf4264fffb9e6eff6031c5b6884d61c
https://conda.anaconda.org/conda-forge/linux-64/pyzmq-26.0.3-py311h08a0b41_0.conda#8bef21c0a0160e7369fc2f494acf85d0
https://conda.anaconda.org/conda-forge/linux-64/ruamel.yaml-0.18.6-py311h459d7ec_0.conda#4dccc0bc3bb4d6e5c30bccbd053c4f90
https://conda.anaconda.org/conda-forge/noarch/tqdm-4.66.4-pyhd8ed1ab_0.conda#e74cd796e70a4261f86699ee0a3a7a24
https://conda.anaconda.org/conda-forge/noarch/typing-extensions-4.11.0-hd8ed1ab_0.conda#471e3988f8ca5e9eb3ce6be7eac3bcee
https://conda.anaconda.org/conda-forge/noarch/urllib3-1.26.18-pyhd8ed1ab_0.conda#bf61cfd2a7f212efba378167a07d4a6a
https://conda.anaconda.org/conda-forge/noarch/virtualenv-20.26.1-pyhd8ed1ab_0.conda#4e1cd2faf006a6e62c148f95cef0cac2
https://conda.anaconda.org/conda-forge/noarch/annotated-types-0.6.0-pyhd8ed1ab_0.conda#997c29372bdbe2afee073dff71f35923
https://conda.anaconda.org/conda-forge/linux-64/cryptography-42.0.7-py311h4a61cc7_0.conda#251f3a7b306a8b212d42d585b3d06f36
https://conda.anaconda.org/conda-forge/linux-64/dulwich-0.21.7-py311h459d7ec_0.conda#a50b0c00b7498cfde328e63a3e18d9d3
https://conda.anaconda.org/conda-forge/noarch/gitpython-3.1.43-pyhd8ed1ab_0.conda#0b2154c1818111e17381b1df5b4b0176
https://conda.anaconda.org/conda-forge/noarch/importlib_metadata-7.1.0-hd8ed1ab_0.conda#6ef2b72d291b39e479d7694efa2b2b98
https://conda.anaconda.org/conda-forge/linux-64/libmambapy-1.5.8-py311hf2555c7_0.conda#6ee8eb6fcdebba74be7663c654c161ca
https://conda.anaconda.org/conda-forge/linux-64/numpy-1.26.4-py311h64a7726_0.conda#a502d7aad449a1206efb366d6a12c52d
https://conda.anaconda.org/conda-forge/linux-64/pydantic-core-2.18.2-py311h5ecf98a_0.conda#0935eb48085bd65556bb16488866bb47
https://conda.anaconda.org/conda-forge/noarch/python-build-1.2.1-pyhd8ed1ab_0.conda#d657cde3b3943fcedf6038138eea84de
https://conda.anaconda.org/conda-forge/noarch/requests-2.31.0-pyhd8ed1ab_0.conda#a30144e4156cdbb236f99ebb49828f8b
https://conda.anaconda.org/conda-forge/noarch/stack_data-0.6.2-pyhd8ed1ab_0.conda#e7df0fdd404616638df5ece6e69ba7af
https://conda.anaconda.org/conda-forge/linux-64/trio-0.25.0-py311h38be061_0.conda#13aca94ce12242557fb33b000f27feca
https://conda.anaconda.org/conda-forge/noarch/wsproto-1.2.0-pyhd8ed1ab_0.tar.bz2#00ba804b54f451d102f6a7615f08470d
https://conda.anaconda.org/conda-forge/linux-64/zstandard-0.19.0-py311hd4cff14_0.tar.bz2#056b3271f46abaa4673c8c6783283a07
https://conda.anaconda.org/conda-forge/noarch/cachecontrol-0.14.0-pyhd8ed1ab_0.conda#a661c39e223bf3038b38126b0bbf43d9
https://conda.anaconda.org/conda-forge/noarch/conda-package-streaming-0.9.0-pyhd8ed1ab_0.conda#38253361efb303deead3eab39ae9269b
https://conda.anaconda.org/conda-forge/noarch/ensureconda-1.4.4-pyhd8ed1ab_0.conda#e54a91c3a65491b13c68f7696425bac8
https://conda.anaconda.org/conda-forge/noarch/ipython-8.22.2-pyh707e725_0.conda#f0abe827c8a7c6d91bccdf90cb1fbee3
https://conda.anaconda.org/conda-forge/noarch/jupyter_client-8.6.1-pyhd8ed1ab_0.conda#c03972cfce69ad913d520c652e5ed908
https://conda.anaconda.org/conda-forge/noarch/pydantic-2.7.1-pyhd8ed1ab_0.conda#f5dac044e2aaccf73b85053f6db360b5
https://conda.anaconda.org/conda-forge/linux-64/rapidfuzz-3.9.0-py311h4332511_0.conda#ce16df66416cbb49fe446509828643ae
https://conda.anaconda.org/conda-forge/noarch/requests-toolbelt-1.0.0-pyhd8ed1ab_0.conda#99c98318c8646b08cc764f90ce98906e
https://conda.anaconda.org/conda-forge/linux-64/secretstorage-3.3.3-py311h38be061_2.conda#30a57eaa8e72cb0c2c84d6d7db32010c
https://conda.anaconda.org/conda-forge/noarch/trio-websocket-0.11.1-pyhd8ed1ab_0.conda#020557a424faf98154938da4426fe987
https://conda.anaconda.org/conda-forge/noarch/cachecontrol-with-filecache-0.14.0-pyhd8ed1ab_0.conda#4c08fa6e7d1d3f124ad815e21b2210e9
https://conda.anaconda.org/conda-forge/noarch/cleo-2.1.0-pyhd8ed1ab_0.conda#69569ea8a6d1465193345a40421d138b
https://conda.anaconda.org/conda-forge/noarch/conda-package-handling-2.2.0-pyh38be061_0.conda#8a3ae7f6318376aa08ea753367bb7dd6
https://conda.anaconda.org/conda-forge/noarch/ipykernel-6.29.3-pyhd33586a_0.conda#e0deff12c601ce5cb7476f93718f3168
https://conda.anaconda.org/conda-forge/linux-64/keyring-24.3.1-py311h38be061_0.conda#0cd643c771fd81eec082cca79e52e08f
https://conda.anaconda.org/conda-forge/noarch/selenium-4.16.0-pyhd8ed1ab_0.conda#bdfe352529493afd8db9103df11e0bbf
https://conda.anaconda.org/conda-forge/noarch/conda-lock-2.5.7-pyhd8ed1ab_0.conda#154d0c643be6a9ce6fbe655d007d8e4e
https://conda.anaconda.org/conda-forge/linux-64/conda-24.4.0-py311h38be061_0.conda#3559c3337e96cde3e8346678be2fd7ff
https://conda.anaconda.org/conda-forge/noarch/conda-libmamba-solver-24.1.0-pyhd8ed1ab_0.conda#304dc78ad6e52e0fd663df1d484c1531
https://conda.anaconda.org/conda-forge/linux-64/mamba-1.5.8-py311h3072747_0.conda#71b3c1635c20081d523a1205959938ce
https://conda.anaconda.org/conda-forge/noarch/poetry-1.8.2-linux_pyha804496_0.conda#7ced2e0d172efd9b108b1fed18e4bea6
https://conda.anaconda.org/conda-forge/noarch/poetry-plugin-export-1.7.1-pyhd8ed1ab_1.conda#5016fd38e183e8f98141fee19449fae9
